
Microsoft Visual Studio Solution File, Format Version 9.00
# Visual Studio 2005
Project("{8BC9CEB8-8B4A-11D0-8D11-00A0C91BC942}") = "Graph", "sources\Graph\Graph.vcproj", "{04D4EEAD-2118-4889-9D9D-620C7C46F8ED}"
	ProjectSection(ProjectDependencies) = postProject
		{21E81E7E-0E8B-4CBB-BBFB-9319CCA98EC4} = {21E81E7E-0E8B-4CBB-BBFB-9319CCA98EC4}
	EndProjectSection
EndProject
Project("{8BC9CEB8-8B4A-11D0-8D11-00A0C91BC942}") = "UnitTest", "sources\UnitTest\UnitTest.vcproj", "{A93B99CA-DC51-4B2F-803E-849B4B065CE3}"
	ProjectSection(ProjectDependencies) = postProject
		{21E81E7E-0E8B-4CBB-BBFB-9319CCA98EC4} = {21E81E7E-0E8B-4CBB-BBFB-9319CCA98EC4}
		{C74995DD-8FE9-4022-8766-7BCE51065554} = {C74995DD-8FE9-4022-8766-7BCE51065554}
	EndProjectSection
EndProject
Project("{8BC9CEB8-8B4A-11D0-8D11-00A0C91BC942}") = "Utils", "sources\Utils\Utils.vcproj", "{21E81E7E-0E8B-4CBB-BBFB-9319CCA98EC4}"
EndProject
Project("{2150E333-8FDC-42A3-9474-1A3956D46DE8}") = "Solution Items", "Solution Items", "{053FAA33-40D2-4CA0-9A4C-12943688B762}"
	ProjectSection(SolutionItems) = preProject
		GPLv2.txt = GPLv2.txt
	EndProjectSection
EndProject
Project("{8BC9CEB8-8B4A-11D0-8D11-00A0C91BC942}") = "QtGUI", "sources\QtGUI\QtGUI.vcproj", "{C74995DD-8FE9-4022-8766-7BCE51065554}"
	ProjectSection(ProjectDependencies) = postProject
		{018AA859-1723-4B2D-9A33-56F52F5871D0} = {018AA859-1723-4B2D-9A33-56F52F5871D0}
		{21E81E7E-0E8B-4CBB-BBFB-9319CCA98EC4} = {21E81E7E-0E8B-4CBB-BBFB-9319CCA98EC4}
		{04D4EEAD-2118-4889-9D9D-620C7C46F8ED} = {04D4EEAD-2118-4889-9D9D-620C7C46F8ED}
		{4BCC63EF-794D-4DCA-B3B8-A04284AC6C69} = {4BCC63EF-794D-4DCA-B3B8-A04284AC6C69}
	EndProjectSection
EndProject
Project("{8BC9CEB8-8B4A-11D0-8D11-00A0C91BC942}") = "Layout", "sources\Layout\Layout.vcproj", "{4BCC63EF-794D-4DCA-B3B8-A04284AC6C69}"
EndProject
Project("{8BC9CEB8-8B4A-11D0-8D11-00A0C91BC942}") = "Frontend", "sources\Frontend\Frontend.vcproj", "{018AA859-1723-4B2D-9A33-56F52F5871D0}"
EndProject
Global
	GlobalSection(SolutionConfigurationPlatforms) = preSolution
		Debug|Win32 = Debug|Win32
		Release|Win32 = Release|Win32
	EndGlobalSection
	GlobalSection(ProjectConfigurationPlatforms) = postSolution
		{04D4EEAD-2118-4889-9D9D-620C7C46F8ED}.Debug|Win32.ActiveCfg = Debug|Win32
		{04D4EEAD-2118-4889-9D9D-620C7C46F8ED}.Debug|Win32.Build.0 = Debug|Win32
		{04D4EEAD-2118-4889-9D9D-620C7C46F8ED}.Release|Win32.ActiveCfg = Release|Win32
		{04D4EEAD-2118-4889-9D9D-620C7C46F8ED}.Release|Win32.Build.0 = Release|Win32
		{A93B99CA-DC51-4B2F-803E-849B4B065CE3}.Debug|Win32.ActiveCfg = Debug|Win32
		{A93B99CA-DC51-4B2F-803E-849B4B065CE3}.Debug|Win32.Build.0 = Debug|Win32
		{A93B99CA-DC51-4B2F-803E-849B4B065CE3}.Release|Win32.ActiveCfg = Release|Win32
		{A93B99CA-DC51-4B2F-803E-849B4B065CE3}.Release|Win32.Build.0 = Release|Win32
		{21E81E7E-0E8B-4CBB-BBFB-9319CCA98EC4}.Debug|Win32.ActiveCfg = Debug|Win32
		{21E81E7E-0E8B-4CBB-BBFB-9319CCA98EC4}.Debug|Win32.Build.0 = Debug|Win32
		{21E81E7E-0E8B-4CBB-BBFB-9319CCA98EC4}.Release|Win32.ActiveCfg = Release|Win32
		{21E81E7E-0E8B-4CBB-BBFB-9319CCA98EC4}.Release|Win32.Build.0 = Release|Win32
		{C74995DD-8FE9-4022-8766-7BCE51065554}.Debug|Win32.ActiveCfg = Debug|Win32
		{C74995DD-8FE9-4022-8766-7BCE51065554}.Debug|Win32.Build.0 = Debug|Win32
		{C74995DD-8FE9-4022-8766-7BCE51065554}.Release|Win32.ActiveCfg = Release|Win32
		{C74995DD-8FE9-4022-8766-7BCE51065554}.Release|Win32.Build.0 = Release|Win32
		{4BCC63EF-794D-4DCA-B3B8-A04284AC6C69}.Debug|Win32.ActiveCfg = Debug|Win32
		{4BCC63EF-794D-4DCA-B3B8-A04284AC6C69}.Debug|Win32.Build.0 = Debug|Win32
		{4BCC63EF-794D-4DCA-B3B8-A04284AC6C69}.Release|Win32.ActiveCfg = Release|Win32
		{4BCC63EF-794D-4DCA-B3B8-A04284AC6C69}.Release|Win32.Build.0 = Release|Win32
		{018AA859-1723-4B2D-9A33-56F52F5871D0}.Debug|Win32.ActiveCfg = Debug|Win32
		{018AA859-1723-4B2D-9A33-56F52F5871D0}.Debug|Win32.Build.0 = Debug|Win32
		{018AA859-1723-4B2D-9A33-56F52F5871D0}.Release|Win32.ActiveCfg = Release|Win32
		{018AA859-1723-4B2D-9A33-56F52F5871D0}.Release|Win32.Build.0 = Release|Win32
	EndGlobalSection
	GlobalSection(SolutionProperties) = preSolution
		HideSolutionNode = FALSE
	EndGlobalSection
EndGlobal
